// !$*UTF8*$!
{
	archiveVersion = 1;
	classes = {
	};
	objectVersion = 51;
	objects = {

/* Begin PBXBuildFile section */
		1122C963267C950200565C87 /* SearchService.swift in Sources */ = {isa = PBXBuildFile; fileRef = 1122C962267C950200565C87 /* SearchService.swift */; };
		1122C970267CBBF200565C87 /* SearchModel.swift in Sources */ = {isa = PBXBuildFile; fileRef = 1122C96F267CBBF200565C87 /* SearchModel.swift */; };
		11C9E4442678F89E00A1657C /* AppDelegate.swift in Sources */ = {isa = PBXBuildFile; fileRef = 11C9E4432678F89E00A1657C /* AppDelegate.swift */; };
		11C9E4462678F89E00A1657C /* SceneDelegate.swift in Sources */ = {isa = PBXBuildFile; fileRef = 11C9E4452678F89E00A1657C /* SceneDelegate.swift */; };
		11C9E4482678F89E00A1657C /* MainScreenViewController.swift in Sources */ = {isa = PBXBuildFile; fileRef = 11C9E4472678F89E00A1657C /* MainScreenViewController.swift */; };
		11C9E44B2678F89E00A1657C /* Main.storyboard in Resources */ = {isa = PBXBuildFile; fileRef = 11C9E4492678F89E00A1657C /* Main.storyboard */; };
		11C9E44E2678F89E00A1657C /* Movie_Challenge.xcdatamodeld in Sources */ = {isa = PBXBuildFile; fileRef = 11C9E44C2678F89E00A1657C /* Movie_Challenge.xcdatamodeld */; };
		11C9E4502678F8A100A1657C /* Assets.xcassets in Resources */ = {isa = PBXBuildFile; fileRef = 11C9E44F2678F8A100A1657C /* Assets.xcassets */; };
		11C9E4532678F8A100A1657C /* LaunchScreen.storyboard in Resources */ = {isa = PBXBuildFile; fileRef = 11C9E4512678F8A100A1657C /* LaunchScreen.storyboard */; };
		11C9E4732678FB8400A1657C /* MoviesModel.swift in Sources */ = {isa = PBXBuildFile; fileRef = 11C9E4722678FB8400A1657C /* MoviesModel.swift */; };
		11C9E4772678FBFD00A1657C /* PopularMoviesService.swift in Sources */ = {isa = PBXBuildFile; fileRef = 11C9E4762678FBFD00A1657C /* PopularMoviesService.swift */; };
		11C9E4842679043E00A1657C /* PopularMovieCells.swift in Sources */ = {isa = PBXBuildFile; fileRef = 11C9E4822679043E00A1657C /* PopularMovieCells.swift */; };
		11C9E4852679043E00A1657C /* PopularMovieCells.xib in Resources */ = {isa = PBXBuildFile; fileRef = 11C9E4832679043E00A1657C /* PopularMovieCells.xib */; };
		11C9E4892679044E00A1657C /* Constants.swift in Sources */ = {isa = PBXBuildFile; fileRef = 11C9E4882679044E00A1657C /* Constants.swift */; };
		11C9E4A42679EB9400A1657C /* MovieDetailViewController.swift in Sources */ = {isa = PBXBuildFile; fileRef = 11C9E4A32679EB9400A1657C /* MovieDetailViewController.swift */; };
		11C9E4A72679FA9E00A1657C /* MovieCreditService.swift in Sources */ = {isa = PBXBuildFile; fileRef = 11C9E4A62679FA9E00A1657C /* MovieCreditService.swift */; };
		11C9E4AA2679FAAF00A1657C /* CreditsModel.swift in Sources */ = {isa = PBXBuildFile; fileRef = 11C9E4A92679FAAF00A1657C /* CreditsModel.swift */; };
		11C9E4B4267A01B700A1657C /* CastCollectionViewCell.swift in Sources */ = {isa = PBXBuildFile; fileRef = 11C9E4B2267A01B700A1657C /* CastCollectionViewCell.swift */; };
		11C9E4B5267A01B700A1657C /* CastCollectionViewCell.xib in Resources */ = {isa = PBXBuildFile; fileRef = 11C9E4B3267A01B700A1657C /* CastCollectionViewCell.xib */; };
		11C9E4B9267A1BCD00A1657C /* VideoModel.swift in Sources */ = {isa = PBXBuildFile; fileRef = 11C9E4B8267A1BCD00A1657C /* VideoModel.swift */; };
		11C9E4BC267A1C3A00A1657C /* MovieVideoService.swift in Sources */ = {isa = PBXBuildFile; fileRef = 11C9E4BB267A1C3A00A1657C /* MovieVideoService.swift */; };
		11C9E4C0267A209B00A1657C /* VideoCollectionViewCell.swift in Sources */ = {isa = PBXBuildFile; fileRef = 11C9E4BE267A209B00A1657C /* VideoCollectionViewCell.swift */; };
		11C9E4C1267A209B00A1657C /* VideoCollectionViewCell.xib in Resources */ = {isa = PBXBuildFile; fileRef = 11C9E4BF267A209B00A1657C /* VideoCollectionViewCell.xib */; };
		11C9E4C9267A49A700A1657C /* CastDetailViewController.swift in Sources */ = {isa = PBXBuildFile; fileRef = 11C9E4C8267A49A700A1657C /* CastDetailViewController.swift */; };
		11C9E4CC267A4CA400A1657C /* CastDetailService.swift in Sources */ = {isa = PBXBuildFile; fileRef = 11C9E4CB267A4CA400A1657C /* CastDetailService.swift */; };
		11C9E4CF267A4CFD00A1657C /* CastDetailModel.swift in Sources */ = {isa = PBXBuildFile; fileRef = 11C9E4CE267A4CFD00A1657C /* CastDetailModel.swift */; };
		98015A6E213B8FC2015EF17D /* Pods_Movie_Challenge.framework in Frameworks */ = {isa = PBXBuildFile; fileRef = BA653DABED01E44549E85316 /* Pods_Movie_Challenge.framework */; };
/* End PBXBuildFile section */

/* Begin PBXFileReference section */
		1122C962267C950200565C87 /* SearchService.swift */ = {isa = PBXFileReference; lastKnownFileType = sourcecode.swift; path = SearchService.swift; sourceTree = "<group>"; };
		1122C96F267CBBF200565C87 /* SearchModel.swift */ = {isa = PBXFileReference; lastKnownFileType = sourcecode.swift; path = SearchModel.swift; sourceTree = "<group>"; };
		11C9E4402678F89E00A1657C /* Movie Challenge.app */ = {isa = PBXFileReference; explicitFileType = wrapper.application; includeInIndex = 0; path = "Movie Challenge.app"; sourceTree = BUILT_PRODUCTS_DIR; };
		11C9E4432678F89E00A1657C /* AppDelegate.swift */ = {isa = PBXFileReference; lastKnownFileType = sourcecode.swift; path = AppDelegate.swift; sourceTree = "<group>"; };
		11C9E4452678F89E00A1657C /* SceneDelegate.swift */ = {isa = PBXFileReference; lastKnownFileType = sourcecode.swift; path = SceneDelegate.swift; sourceTree = "<group>"; };
		11C9E4472678F89E00A1657C /* MainScreenViewController.swift */ = {isa = PBXFileReference; lastKnownFileType = sourcecode.swift; path = MainScreenViewController.swift; sourceTree = "<group>"; };
		11C9E44A2678F89E00A1657C /* Base */ = {isa = PBXFileReference; lastKnownFileType = file.storyboard; name = Base; path = Base.lproj/Main.storyboard; sourceTree = "<group>"; };
		11C9E44D2678F89E00A1657C /* Movie_Challenge.xcdatamodel */ = {isa = PBXFileReference; lastKnownFileType = wrapper.xcdatamodel; path = Movie_Challenge.xcdatamodel; sourceTree = "<group>"; };
		11C9E44F2678F8A100A1657C /* Assets.xcassets */ = {isa = PBXFileReference; lastKnownFileType = folder.assetcatalog; path = Assets.xcassets; sourceTree = "<group>"; };
		11C9E4522678F8A100A1657C /* Base */ = {isa = PBXFileReference; lastKnownFileType = file.storyboard; name = Base; path = Base.lproj/LaunchScreen.storyboard; sourceTree = "<group>"; };
		11C9E4542678F8A100A1657C /* Info.plist */ = {isa = PBXFileReference; lastKnownFileType = text.plist.xml; path = Info.plist; sourceTree = "<group>"; };
		11C9E4722678FB8400A1657C /* MoviesModel.swift */ = {isa = PBXFileReference; lastKnownFileType = sourcecode.swift; path = MoviesModel.swift; sourceTree = "<group>"; };
		11C9E4762678FBFD00A1657C /* PopularMoviesService.swift */ = {isa = PBXFileReference; lastKnownFileType = sourcecode.swift; path = PopularMoviesService.swift; sourceTree = "<group>"; };
		11C9E4822679043E00A1657C /* PopularMovieCells.swift */ = {isa = PBXFileReference; lastKnownFileType = sourcecode.swift; path = PopularMovieCells.swift; sourceTree = "<group>"; };
		11C9E4832679043E00A1657C /* PopularMovieCells.xib */ = {isa = PBXFileReference; lastKnownFileType = file.xib; path = PopularMovieCells.xib; sourceTree = "<group>"; };
		11C9E4882679044E00A1657C /* Constants.swift */ = {isa = PBXFileReference; lastKnownFileType = sourcecode.swift; path = Constants.swift; sourceTree = "<group>"; };
		11C9E4A32679EB9400A1657C /* MovieDetailViewController.swift */ = {isa = PBXFileReference; lastKnownFileType = sourcecode.swift; path = MovieDetailViewController.swift; sourceTree = "<group>"; };
		11C9E4A62679FA9E00A1657C /* MovieCreditService.swift */ = {isa = PBXFileReference; lastKnownFileType = sourcecode.swift; path = MovieCreditService.swift; sourceTree = "<group>"; };
		11C9E4A92679FAAF00A1657C /* CreditsModel.swift */ = {isa = PBXFileReference; lastKnownFileType = sourcecode.swift; path = CreditsModel.swift; sourceTree = "<group>"; };
		11C9E4B2267A01B700A1657C /* CastCollectionViewCell.swift */ = {isa = PBXFileReference; lastKnownFileType = sourcecode.swift; path = CastCollectionViewCell.swift; sourceTree = "<group>"; };
		11C9E4B3267A01B700A1657C /* CastCollectionViewCell.xib */ = {isa = PBXFileReference; lastKnownFileType = file.xib; path = CastCollectionViewCell.xib; sourceTree = "<group>"; };
		11C9E4B8267A1BCD00A1657C /* VideoModel.swift */ = {isa = PBXFileReference; lastKnownFileType = sourcecode.swift; path = VideoModel.swift; sourceTree = "<group>"; };
		11C9E4BB267A1C3A00A1657C /* MovieVideoService.swift */ = {isa = PBXFileReference; lastKnownFileType = sourcecode.swift; path = MovieVideoService.swift; sourceTree = "<group>"; };
		11C9E4BE267A209B00A1657C /* VideoCollectionViewCell.swift */ = {isa = PBXFileReference; lastKnownFileType = sourcecode.swift; path = VideoCollectionViewCell.swift; sourceTree = "<group>"; };
		11C9E4BF267A209B00A1657C /* VideoCollectionViewCell.xib */ = {isa = PBXFileReference; lastKnownFileType = file.xib; path = VideoCollectionViewCell.xib; sourceTree = "<group>"; };
		11C9E4C8267A49A700A1657C /* CastDetailViewController.swift */ = {isa = PBXFileReference; lastKnownFileType = sourcecode.swift; path = CastDetailViewController.swift; sourceTree = "<group>"; };
		11C9E4CB267A4CA400A1657C /* CastDetailService.swift */ = {isa = PBXFileReference; lastKnownFileType = sourcecode.swift; path = CastDetailService.swift; sourceTree = "<group>"; };
		11C9E4CE267A4CFD00A1657C /* CastDetailModel.swift */ = {isa = PBXFileReference; lastKnownFileType = sourcecode.swift; path = CastDetailModel.swift; sourceTree = "<group>"; };
		9BD911C41BE5E9F7679007FB /* Pods-Movie Challenge.debug.xcconfig */ = {isa = PBXFileReference; includeInIndex = 1; lastKnownFileType = text.xcconfig; name = "Pods-Movie Challenge.debug.xcconfig"; path = "Target Support Files/Pods-Movie Challenge/Pods-Movie Challenge.debug.xcconfig"; sourceTree = "<group>"; };
		B654A8A3F60B4078C85802CC /* Pods-Movie Challenge.release.xcconfig */ = {isa = PBXFileReference; includeInIndex = 1; lastKnownFileType = text.xcconfig; name = "Pods-Movie Challenge.release.xcconfig"; path = "Target Support Files/Pods-Movie Challenge/Pods-Movie Challenge.release.xcconfig"; sourceTree = "<group>"; };
		BA653DABED01E44549E85316 /* Pods_Movie_Challenge.framework */ = {isa = PBXFileReference; explicitFileType = wrapper.framework; includeInIndex = 0; path = Pods_Movie_Challenge.framework; sourceTree = BUILT_PRODUCTS_DIR; };
/* End PBXFileReference section */

/* Begin PBXFrameworksBuildPhase section */
		11C9E43D2678F89D00A1657C /* Frameworks */ = {
			isa = PBXFrameworksBuildPhase;
			buildActionMask = 2147483647;
			files = (
				98015A6E213B8FC2015EF17D /* Pods_Movie_Challenge.framework in Frameworks */,
			);
			runOnlyForDeploymentPostprocessing = 0;
		};
/* End PBXFrameworksBuildPhase section */

/* Begin PBXGroup section */
		109E2AA40A5E0E2C995DA230 /* Frameworks */ = {
			isa = PBXGroup;
			children = (
				BA653DABED01E44549E85316 /* Pods_Movie_Challenge.framework */,
			);
			name = Frameworks;
			sourceTree = "<group>";
		};
		1122C97C267CE12500565C87 /* Stroyboards */ = {
			isa = PBXGroup;
			children = (
				11C9E4512678F8A100A1657C /* LaunchScreen.storyboard */,
				11C9E4492678F89E00A1657C /* Main.storyboard */,
			);
			path = Stroyboards;
			sourceTree = "<group>";
		};
		11C9E4372678F89D00A1657C = {
			isa = PBXGroup;
			children = (
				11C9E4422678F89E00A1657C /* Movie Challenge */,
				11C9E4412678F89E00A1657C /* Products */,
				F2850984F2F4CE2099BB0499 /* Pods */,
				109E2AA40A5E0E2C995DA230 /* Frameworks */,
			);
			sourceTree = "<group>";
		};
		11C9E4412678F89E00A1657C /* Products */ = {
			isa = PBXGroup;
			children = (
				11C9E4402678F89E00A1657C /* Movie Challenge.app */,
			);
			name = Products;
			sourceTree = "<group>";
		};
		11C9E4422678F89E00A1657C /* Movie Challenge */ = {
			isa = PBXGroup;
			children = (
				11C9E4712678FB5E00A1657C /* Model */,
				11C9E47E267901FD00A1657C /* View */,
				11C9E480267903E100A1657C /* Controller */,
				11C9E47D267901CB00A1657C /* Supporting Files */,
				11C9E4542678F8A100A1657C /* Info.plist */,
			);
			path = "Movie Challenge";
			sourceTree = "<group>";
		};
		11C9E4712678FB5E00A1657C /* Model */ = {
			isa = PBXGroup;
			children = (
				11C9E4752678FBE200A1657C /* Services */,
				11C9E4722678FB8400A1657C /* MoviesModel.swift */,
				11C9E4A92679FAAF00A1657C /* CreditsModel.swift */,
				11C9E4B8267A1BCD00A1657C /* VideoModel.swift */,
				11C9E4CE267A4CFD00A1657C /* CastDetailModel.swift */,
				1122C96F267CBBF200565C87 /* SearchModel.swift */,
			);
			path = Model;
			sourceTree = "<group>";
		};
		11C9E4752678FBE200A1657C /* Services */ = {
			isa = PBXGroup;
			children = (
				11C9E4762678FBFD00A1657C /* PopularMoviesService.swift */,
				11C9E4A62679FA9E00A1657C /* MovieCreditService.swift */,
				11C9E4BB267A1C3A00A1657C /* MovieVideoService.swift */,
				11C9E4CB267A4CA400A1657C /* CastDetailService.swift */,
				1122C962267C950200565C87 /* SearchService.swift */,
			);
			path = Services;
			sourceTree = "<group>";
		};
		11C9E47D267901CB00A1657C /* Supporting Files */ = {
			isa = PBXGroup;
			children = (
				11C9E4432678F89E00A1657C /* AppDelegate.swift */,
				11C9E4452678F89E00A1657C /* SceneDelegate.swift */,
				11C9E44C2678F89E00A1657C /* Movie_Challenge.xcdatamodeld */,
				11C9E4882679044E00A1657C /* Constants.swift */,
			);
			path = "Supporting Files";
			sourceTree = "<group>";
		};
		11C9E47E267901FD00A1657C /* View */ = {
			isa = PBXGroup;
			children = (
				1122C97C267CE12500565C87 /* Stroyboards */,
				11C9E4B0267A018500A1657C /* CollectionViews */,
				11C9E481267903F400A1657C /* TableViews */,
				11C9E44F2678F8A100A1657C /* Assets.xcassets */,
			);
			path = View;
			sourceTree = "<group>";
		};
		11C9E480267903E100A1657C /* Controller */ = {
			isa = PBXGroup;
			children = (
				11C9E4472678F89E00A1657C /* MainScreenViewController.swift */,
				11C9E4A32679EB9400A1657C /* MovieDetailViewController.swift */,
				11C9E4C8267A49A700A1657C /* CastDetailViewController.swift */,
			);
			path = Controller;
			sourceTree = "<group>";
		};
		11C9E481267903F400A1657C /* TableViews */ = {
			isa = PBXGroup;
			children = (
				11C9E4822679043E00A1657C /* PopularMovieCells.swift */,
				11C9E4832679043E00A1657C /* PopularMovieCells.xib */,
			);
			path = TableViews;
			sourceTree = "<group>";
		};
		11C9E4B0267A018500A1657C /* CollectionViews */ = {
			isa = PBXGroup;
			children = (
				11C9E4B2267A01B700A1657C /* CastCollectionViewCell.swift */,
				11C9E4B3267A01B700A1657C /* CastCollectionViewCell.xib */,
				11C9E4BE267A209B00A1657C /* VideoCollectionViewCell.swift */,
				11C9E4BF267A209B00A1657C /* VideoCollectionViewCell.xib */,
			);
			path = CollectionViews;
			sourceTree = "<group>";
		};
		F2850984F2F4CE2099BB0499 /* Pods */ = {
			isa = PBXGroup;
			children = (
				9BD911C41BE5E9F7679007FB /* Pods-Movie Challenge.debug.xcconfig */,
				B654A8A3F60B4078C85802CC /* Pods-Movie Challenge.release.xcconfig */,
			);
			path = Pods;
			sourceTree = "<group>";
		};
/* End PBXGroup section */

/* Begin PBXNativeTarget section */
		11C9E43F2678F89D00A1657C /* Movie Challenge */ = {
			isa = PBXNativeTarget;
			buildConfigurationList = 11C9E4572678F8A100A1657C /* Build configuration list for PBXNativeTarget "Movie Challenge" */;
			buildPhases = (
				EEAAF202773F2C2A69028003 /* [CP] Check Pods Manifest.lock */,
				11C9E43C2678F89D00A1657C /* Sources */,
				11C9E43D2678F89D00A1657C /* Frameworks */,
				11C9E43E2678F89D00A1657C /* Resources */,
				DCBD45E39A4AAF9B514AF300 /* [CP] Embed Pods Frameworks */,
			);
			buildRules = (
			);
			dependencies = (
			);
			name = "Movie Challenge";
			productName = "Movie Challenge";
			productReference = 11C9E4402678F89E00A1657C /* Movie Challenge.app */;
			productType = "com.apple.product-type.application";
		};
/* End PBXNativeTarget section */

/* Begin PBXProject section */
		11C9E4382678F89D00A1657C /* Project object */ = {
			isa = PBXProject;
			attributes = {
				LastSwiftUpdateCheck = 1240;
				LastUpgradeCheck = 1240;
				TargetAttributes = {
					11C9E43F2678F89D00A1657C = {
						CreatedOnToolsVersion = 12.4;
					};
				};
			};
			buildConfigurationList = 11C9E43B2678F89D00A1657C /* Build configuration list for PBXProject "Movie Challenge" */;
			compatibilityVersion = "Xcode 9.3";
			developmentRegion = en;
			hasScannedForEncodings = 0;
			knownRegions = (
				en,
				Base,
			);
			mainGroup = 11C9E4372678F89D00A1657C;
			productRefGroup = 11C9E4412678F89E00A1657C /* Products */;
			projectDirPath = "";
			projectRoot = "";
			targets = (
				11C9E43F2678F89D00A1657C /* Movie Challenge */,
			);
		};
/* End PBXProject section */

/* Begin PBXResourcesBuildPhase section */
		11C9E43E2678F89D00A1657C /* Resources */ = {
			isa = PBXResourcesBuildPhase;
			buildActionMask = 2147483647;
			files = (
				11C9E4C1267A209B00A1657C /* VideoCollectionViewCell.xib in Resources */,
				11C9E4B5267A01B700A1657C /* CastCollectionViewCell.xib in Resources */,
				11C9E4852679043E00A1657C /* PopularMovieCells.xib in Resources */,
				11C9E4532678F8A100A1657C /* LaunchScreen.storyboard in Resources */,
				11C9E4502678F8A100A1657C /* Assets.xcassets in Resources */,
				11C9E44B2678F89E00A1657C /* Main.storyboard in Resources */,
			);
			runOnlyForDeploymentPostprocessing = 0;
		};
/* End PBXResourcesBuildPhase section */

/* Begin PBXShellScriptBuildPhase section */
		DCBD45E39A4AAF9B514AF300 /* [CP] Embed Pods Frameworks */ = {
			isa = PBXShellScriptBuildPhase;
			buildActionMask = 2147483647;
			files = (
			);
			inputFileListPaths = (
				"${PODS_ROOT}/Target Support Files/Pods-Movie Challenge/Pods-Movie Challenge-frameworks-${CONFIGURATION}-input-files.xcfilelist",
			);
			name = "[CP] Embed Pods Frameworks";
			outputFileListPaths = (
				"${PODS_ROOT}/Target Support Files/Pods-Movie Challenge/Pods-Movie Challenge-frameworks-${CONFIGURATION}-output-files.xcfilelist",
			);
			runOnlyForDeploymentPostprocessing = 0;
			shellPath = /bin/sh;
			shellScript = "\"${PODS_ROOT}/Target Support Files/Pods-Movie Challenge/Pods-Movie Challenge-frameworks.sh\"\n";
			showEnvVarsInLog = 0;
		};
		EEAAF202773F2C2A69028003 /* [CP] Check Pods Manifest.lock */ = {
			isa = PBXShellScriptBuildPhase;
			buildActionMask = 2147483647;
			files = (
			);
			inputFileListPaths = (
			);
			inputPaths = (
				"${PODS_PODFILE_DIR_PATH}/Podfile.lock",
				"${PODS_ROOT}/Manifest.lock",
			);
			name = "[CP] Check Pods Manifest.lock";
			outputFileListPaths = (
			);
			outputPaths = (
				"$(DERIVED_FILE_DIR)/Pods-Movie Challenge-checkManifestLockResult.txt",
			);
			runOnlyForDeploymentPostprocessing = 0;
			shellPath = /bin/sh;
			shellScript = "diff \"${PODS_PODFILE_DIR_PATH}/Podfile.lock\" \"${PODS_ROOT}/Manifest.lock\" > /dev/null\nif [ $? != 0 ] ; then\n    # print error to STDERR\n    echo \"error: The sandbox is not in sync with the Podfile.lock. Run 'pod install' or update your CocoaPods installation.\" >&2\n    exit 1\nfi\n# This output is used by Xcode 'outputs' to avoid re-running this script phase.\necho \"SUCCESS\" > \"${SCRIPT_OUTPUT_FILE_0}\"\n";
			showEnvVarsInLog = 0;
		};
/* End PBXShellScriptBuildPhase section */

/* Begin PBXSourcesBuildPhase section */
		11C9E43C2678F89D00A1657C /* Sources */ = {
			isa = PBXSourcesBuildPhase;
			buildActionMask = 2147483647;
			files = (
				11C9E4732678FB8400A1657C /* MoviesModel.swift in Sources */,
				11C9E4482678F89E00A1657C /* MainScreenViewController.swift in Sources */,
				11C9E4442678F89E00A1657C /* AppDelegate.swift in Sources */,
				1122C970267CBBF200565C87 /* SearchModel.swift in Sources */,
				11C9E4C0267A209B00A1657C /* VideoCollectionViewCell.swift in Sources */,
				11C9E4A72679FA9E00A1657C /* MovieCreditService.swift in Sources */,
				11C9E44E2678F89E00A1657C /* Movie_Challenge.xcdatamodeld in Sources */,
				11C9E4C9267A49A700A1657C /* CastDetailViewController.swift in Sources */,
				11C9E4772678FBFD00A1657C /* PopularMoviesService.swift in Sources */,
				11C9E4BC267A1C3A00A1657C /* MovieVideoService.swift in Sources */,
				11C9E4462678F89E00A1657C /* SceneDelegate.swift in Sources */,
				11C9E4AA2679FAAF00A1657C /* CreditsModel.swift in Sources */,
				11C9E4CF267A4CFD00A1657C /* CastDetailModel.swift in Sources */,
				11C9E4CC267A4CA400A1657C /* CastDetailService.swift in Sources */,
				1122C963267C950200565C87 /* SearchService.swift in Sources */,
				11C9E4B9267A1BCD00A1657C /* VideoModel.swift in Sources */,
				11C9E4842679043E00A1657C /* PopularMovieCells.swift in Sources */,
				11C9E4B4267A01B700A1657C /* CastCollectionViewCell.swift in Sources */,
				11C9E4A42679EB9400A1657C /* MovieDetailViewController.swift in Sources */,
				11C9E4892679044E00A1657C /* Constants.swift in Sources */,
			);
			runOnlyForDeploymentPostprocessing = 0;
		};
/* End PBXSourcesBuildPhase section */

/* Begin PBXVariantGroup section */
		11C9E4492678F89E00A1657C /* Main.storyboard */ = {
			isa = PBXVariantGroup;
			children = (
				11C9E44A2678F89E00A1657C /* Base */,
			);
			name = Main.storyboard;
			sourceTree = "<group>";
		};
		11C9E4512678F8A100A1657C /* LaunchScreen.storyboard */ = {
			isa = PBXVariantGroup;
			children = (
				11C9E4522678F8A100A1657C /* Base */,
			);
			name = LaunchScreen.storyboard;
			sourceTree = "<group>";
		};
/* End PBXVariantGroup section */

/* Begin XCBuildConfiguration section */
		11C9E4552678F8A100A1657C /* Debug */ = {
			isa = XCBuildConfiguration;
			buildSettings = {
				ALWAYS_SEARCH_USER_PATHS = NO;
				CLANG_ANALYZER_NONNULL = YES;
				CLANG_ANALYZER_NUMBER_OBJECT_CONVERSION = YES_AGGRESSIVE;
				CLANG_CXX_LANGUAGE_STANDARD = "gnu++14";
				CLANG_CXX_LIBRARY = "libc++";
				CLANG_ENABLE_MODULES = YES;
				CLANG_ENABLE_OBJC_ARC = YES;
				CLANG_ENABLE_OBJC_WEAK = YES;
				CLANG_WARN_BLOCK_CAPTURE_AUTORELEASING = YES;
				CLANG_WARN_BOOL_CONVERSION = YES;
				CLANG_WARN_COMMA = YES;
				CLANG_WARN_CONSTANT_CONVERSION = YES;
				CLANG_WARN_DEPRECATED_OBJC_IMPLEMENTATIONS = YES;
				CLANG_WARN_DIRECT_OBJC_ISA_USAGE = YES_ERROR;
				CLANG_WARN_DOCUMENTATION_COMMENTS = YES;
				CLANG_WARN_EMPTY_BODY = YES;
				CLANG_WARN_ENUM_CONVERSION = YES;
				CLANG_WARN_INFINITE_RECURSION = YES;
				CLANG_WARN_INT_CONVERSION = YES;
				CLANG_WARN_NON_LITERAL_NULL_CONVERSION = YES;
				CLANG_WARN_OBJC_IMPLICIT_RETAIN_SELF = YES;
				CLANG_WARN_OBJC_LITERAL_CONVERSION = YES;
				CLANG_WARN_OBJC_ROOT_CLASS = YES_ERROR;
				CLANG_WARN_QUOTED_INCLUDE_IN_FRAMEWORK_HEADER = YES;
				CLANG_WARN_RANGE_LOOP_ANALYSIS = YES;
				CLANG_WARN_STRICT_PROTOTYPES = YES;
				CLANG_WARN_SUSPICIOUS_MOVE = YES;
				CLANG_WARN_UNGUARDED_AVAILABILITY = YES_AGGRESSIVE;
				CLANG_WARN_UNREACHABLE_CODE = YES;
				CLANG_WARN__DUPLICATE_METHOD_MATCH = YES;
				COPY_PHASE_STRIP = NO;
				DEBUG_INFORMATION_FORMAT = dwarf;
				ENABLE_STRICT_OBJC_MSGSEND = YES;
				ENABLE_TESTABILITY = YES;
				GCC_C_LANGUAGE_STANDARD = gnu11;
				GCC_DYNAMIC_NO_PIC = NO;
				GCC_NO_COMMON_BLOCKS = YES;
				GCC_OPTIMIZATION_LEVEL = 0;
				GCC_PREPROCESSOR_DEFINITIONS = (
					"DEBUG=1",
					"$(inherited)",
				);
				GCC_WARN_64_TO_32_BIT_CONVERSION = YES;
				GCC_WARN_ABOUT_RETURN_TYPE = YES_ERROR;
				GCC_WARN_UNDECLARED_SELECTOR = YES;
				GCC_WARN_UNINITIALIZED_AUTOS = YES_AGGRESSIVE;
				GCC_WARN_UNUSED_FUNCTION = YES;
				GCC_WARN_UNUSED_VARIABLE = YES;
				IPHONEOS_DEPLOYMENT_TARGET = 14.4;
				MTL_ENABLE_DEBUG_INFO = INCLUDE_SOURCE;
				MTL_FAST_MATH = YES;
				ONLY_ACTIVE_ARCH = YES;
				SDKROOT = iphoneos;
				SWIFT_ACTIVE_COMPILATION_CONDITIONS = DEBUG;
				SWIFT_OPTIMIZATION_LEVEL = "-Onone";
			};
			name = Debug;
		};
		11C9E4562678F8A100A1657C /* Release */ = {
			isa = XCBuildConfiguration;
			buildSettings = {
				ALWAYS_SEARCH_USER_PATHS = NO;
				CLANG_ANALYZER_NONNULL = YES;
				CLANG_ANALYZER_NUMBER_OBJECT_CONVERSION = YES_AGGRESSIVE;
				CLANG_CXX_LANGUAGE_STANDARD = "gnu++14";
				CLANG_CXX_LIBRARY = "libc++";
				CLANG_ENABLE_MODULES = YES;
				CLANG_ENABLE_OBJC_ARC = YES;
				CLANG_ENABLE_OBJC_WEAK = YES;
				CLANG_WARN_BLOCK_CAPTURE_AUTORELEASING = YES;
				CLANG_WARN_BOOL_CONVERSION = YES;
				CLANG_WARN_COMMA = YES;
				CLANG_WARN_CONSTANT_CONVERSION = YES;
				CLANG_WARN_DEPRECATED_OBJC_IMPLEMENTATIONS = YES;
				CLANG_WARN_DIRECT_OBJC_ISA_USAGE = YES_ERROR;
				CLANG_WARN_DOCUMENTATION_COMMENTS = YES;
				CLANG_WARN_EMPTY_BODY = YES;
				CLANG_WARN_ENUM_CONVERSION = YES;
				CLANG_WARN_INFINITE_RECURSION = YES;
				CLANG_WARN_INT_CONVERSION = YES;
				CLANG_WARN_NON_LITERAL_NULL_CONVERSION = YES;
				CLANG_WARN_OBJC_IMPLICIT_RETAIN_SELF = YES;
				CLANG_WARN_OBJC_LITERAL_CONVERSION = YES;
				CLANG_WARN_OBJC_ROOT_CLASS = YES_ERROR;
				CLANG_WARN_QUOTED_INCLUDE_IN_FRAMEWORK_HEADER = YES;
				CLANG_WARN_RANGE_LOOP_ANALYSIS = YES;
				CLANG_WARN_STRICT_PROTOTYPES = YES;
				CLANG_WARN_SUSPICIOUS_MOVE = YES;
				CLANG_WARN_UNGUARDED_AVAILABILITY = YES_AGGRESSIVE;
				CLANG_WARN_UNREACHABLE_CODE = YES;
				CLANG_WARN__DUPLICATE_METHOD_MATCH = YES;
				COPY_PHASE_STRIP = NO;
				DEBUG_INFORMATION_FORMAT = "dwarf-with-dsym";
				ENABLE_NS_ASSERTIONS = NO;
				ENABLE_STRICT_OBJC_MSGSEND = YES;
				GCC_C_LANGUAGE_STANDARD = gnu11;
				GCC_NO_COMMON_BLOCKS = YES;
				GCC_WARN_64_TO_32_BIT_CONVERSION = YES;
				GCC_WARN_ABOUT_RETURN_TYPE = YES_ERROR;
				GCC_WARN_UNDECLARED_SELECTOR = YES;
				GCC_WARN_UNINITIALIZED_AUTOS = YES_AGGRESSIVE;
				GCC_WARN_UNUSED_FUNCTION = YES;
				GCC_WARN_UNUSED_VARIABLE = YES;
				IPHONEOS_DEPLOYMENT_TARGET = 14.4;
				MTL_ENABLE_DEBUG_INFO = NO;
				MTL_FAST_MATH = YES;
				SDKROOT = iphoneos;
				SWIFT_COMPILATION_MODE = wholemodule;
				SWIFT_OPTIMIZATION_LEVEL = "-O";
				VALIDATE_PRODUCT = YES;
			};
			name = Release;
		};
		11C9E4582678F8A100A1657C /* Debug */ = {
			isa = XCBuildConfiguration;
			baseConfigurationReference = 9BD911C41BE5E9F7679007FB /* Pods-Movie Challenge.debug.xcconfig */;
			buildSettings = {
				ASSETCATALOG_COMPILER_APPICON_NAME = AppIcon;
				ASSETCATALOG_COMPILER_GLOBAL_ACCENT_COLOR_NAME = AccentColor;
				CODE_SIGN_STYLE = Automatic;
				DEVELOPMENT_TEAM = 89685536Y6;
				INFOPLIST_FILE = "Movie Challenge/Info.plist";
				IPHONEOS_DEPLOYMENT_TARGET = 10.0;
				LD_RUNPATH_SEARCH_PATHS = (
					"$(inherited)",
					"@executable_path/Frameworks",
				);
				PRODUCT_BUNDLE_IDENTIFIER = "com.umutsever.Movie-Challenge";
				PRODUCT_NAME = "$(TARGET_NAME)";
				SWIFT_VERSION = 5.0;
				TARGETED_DEVICE_FAMILY = 1;
			};
			name = Debug;
		};
		11C9E4592678F8A100A1657C /* Release */ = {
			isa = XCBuildConfiguration;
			baseConfigurationReference = B654A8A3F60B4078C85802CC /* Pods-Movie Challenge.release.xcconfig */;
			buildSettings = {
				ASSETCATALOG_COMPILER_APPICON_NAME = AppIcon;
				ASSETCATALOG_COMPILER_GLOBAL_ACCENT_COLOR_NAME = AccentColor;
				CODE_SIGN_STYLE = Automatic;
				DEVELOPMENT_TEAM = 89685536Y6;
				INFOPLIST_FILE = "Movie Challenge/Info.plist";
				IPHONEOS_DEPLOYMENT_TARGET = 10.0;
				LD_RUNPATH_SEARCH_PATHS = (
					"$(inherited)",
					"@executable_path/Frameworks",
				);
				PRODUCT_BUNDLE_IDENTIFIER = "com.umutsever.Movie-Challenge";
				PRODUCT_NAME = "$(TARGET_NAME)";
				SWIFT_VERSION = 5.0;
				TARGETED_DEVICE_FAMILY = 1;
			};
			name = Release;
		};
/* End XCBuildConfiguration section */

/* Begin XCConfigurationList section */
		11C9E43B2678F89D00A1657C /* Build configuration list for PBXProject "Movie Challenge" */ = {
			isa = XCConfigurationList;
			buildConfigurations = (
				11C9E4552678F8A100A1657C /* Debug */,
				11C9E4562678F8A100A1657C /* Release */,
			);
			defaultConfigurationIsVisible = 0;
			defaultConfigurationName = Release;
		};
		11C9E4572678F8A100A1657C /* Build configuration list for PBXNativeTarget "Movie Challenge" */ = {
			isa = XCConfigurationList;
			buildConfigurations = (
				11C9E4582678F8A100A1657C /* Debug */,
				11C9E4592678F8A100A1657C /* Release */,
			);
			defaultConfigurationIsVisible = 0;
			defaultConfigurationName = Release;
		};
/* End XCConfigurationList section */

/* Begin XCVersionGroup section */
		11C9E44C2678F89E00A1657C /* Movie_Challenge.xcdatamodeld */ = {
			isa = XCVersionGroup;
			children = (
				11C9E44D2678F89E00A1657C /* Movie_Challenge.xcdatamodel */,
			);
			currentVersion = 11C9E44D2678F89E00A1657C /* Movie_Challenge.xcdatamodel */;
			path = Movie_Challenge.xcdatamodeld;
			sourceTree = "<group>";
			versionGroupType = wrapper.xcdatamodel;
		};
/* End XCVersionGroup section */
	};
	rootObject = 11C9E4382678F89D00A1657C /* Project object */;
}
